// !$*UTF8*$!
{
	archiveVersion = 1;
	classes = {
	};
	objectVersion = 46;
	objects = {

/* Begin PBXBuildFile section */
		656E1B451AD2B01000129427 /* MenuViewController.swift in Sources */ = {isa = PBXBuildFile; fileRef = 656E1B441AD2B01000129427 /* MenuViewController.swift */; };
		656E1B471AD2B13E00129427 /* ShelfViewController.swift in Sources */ = {isa = PBXBuildFile; fileRef = 656E1B461AD2B13E00129427 /* ShelfViewController.swift */; };
		A1ECEE541AB36559001155F1 /* AppDelegate.swift in Sources */ = {isa = PBXBuildFile; fileRef = A1ECEE531AB36559001155F1 /* AppDelegate.swift */; };
		A1ECEE561AB36559001155F1 /* ViewController.swift in Sources */ = {isa = PBXBuildFile; fileRef = A1ECEE551AB36559001155F1 /* ViewController.swift */; };
		A1ECEE591AB36559001155F1 /* Main.storyboard in Resources */ = {isa = PBXBuildFile; fileRef = A1ECEE571AB36559001155F1 /* Main.storyboard */; };
		A1ECEE5B1AB36559001155F1 /* Images.xcassets in Resources */ = {isa = PBXBuildFile; fileRef = A1ECEE5A1AB36559001155F1 /* Images.xcassets */; };
		A1ECEE5E1AB36559001155F1 /* LaunchScreen.xib in Resources */ = {isa = PBXBuildFile; fileRef = A1ECEE5C1AB36559001155F1 /* LaunchScreen.xib */; };
		A1ECEE781AB5E98B001155F1 /* Shelf.framework in Frameworks */ = {isa = PBXBuildFile; fileRef = A1ECEE771AB5E98B001155F1 /* Shelf.framework */; };
/* End PBXBuildFile section */

/* Begin PBXFileReference section */
		656E1B441AD2B01000129427 /* MenuViewController.swift */ = {isa = PBXFileReference; fileEncoding = 4; lastKnownFileType = sourcecode.swift; path = MenuViewController.swift; sourceTree = "<group>"; };
		656E1B461AD2B13E00129427 /* ShelfViewController.swift */ = {isa = PBXFileReference; fileEncoding = 4; lastKnownFileType = sourcecode.swift; path = ShelfViewController.swift; sourceTree = "<group>"; };
		A1ECEE4E1AB36559001155F1 /* Example.app */ = {isa = PBXFileReference; explicitFileType = wrapper.application; includeInIndex = 0; path = Example.app; sourceTree = BUILT_PRODUCTS_DIR; };
		A1ECEE521AB36559001155F1 /* Info.plist */ = {isa = PBXFileReference; lastKnownFileType = text.plist.xml; path = Info.plist; sourceTree = "<group>"; };
		A1ECEE531AB36559001155F1 /* AppDelegate.swift */ = {isa = PBXFileReference; lastKnownFileType = sourcecode.swift; path = AppDelegate.swift; sourceTree = "<group>"; };
		A1ECEE551AB36559001155F1 /* ViewController.swift */ = {isa = PBXFileReference; lastKnownFileType = sourcecode.swift; path = ViewController.swift; sourceTree = "<group>"; };
		A1ECEE581AB36559001155F1 /* Base */ = {isa = PBXFileReference; lastKnownFileType = file.storyboard; name = Base; path = Base.lproj/Main.storyboard; sourceTree = "<group>"; };
		A1ECEE5A1AB36559001155F1 /* Images.xcassets */ = {isa = PBXFileReference; lastKnownFileType = folder.assetcatalog; path = Images.xcassets; sourceTree = "<group>"; };
		A1ECEE5D1AB36559001155F1 /* Base */ = {isa = PBXFileReference; lastKnownFileType = file.xib; name = Base; path = Base.lproj/LaunchScreen.xib; sourceTree = "<group>"; };
		A1ECEE771AB5E98B001155F1 /* Shelf.framework */ = {isa = PBXFileReference; lastKnownFileType = wrapper.framework; name = Shelf.framework; path = "build/Debug-iphoneos/Shelf.framework"; sourceTree = "<group>"; };
/* End PBXFileReference section */

/* Begin PBXFrameworksBuildPhase section */
		A1ECEE4B1AB36559001155F1 /* Frameworks */ = {
			isa = PBXFrameworksBuildPhase;
			buildActionMask = 2147483647;
			files = (
				A1ECEE781AB5E98B001155F1 /* Shelf.framework in Frameworks */,
			);
			runOnlyForDeploymentPostprocessing = 0;
		};
/* End PBXFrameworksBuildPhase section */

/* Begin PBXGroup section */
		A1ECEE451AB36559001155F1 = {
			isa = PBXGroup;
			children = (
				A1ECEE771AB5E98B001155F1 /* Shelf.framework */,
				A1ECEE501AB36559001155F1 /* Example */,
				A1ECEE4F1AB36559001155F1 /* Products */,
			);
			sourceTree = "<group>";
		};
		A1ECEE4F1AB36559001155F1 /* Products */ = {
			isa = PBXGroup;
			children = (
				A1ECEE4E1AB36559001155F1 /* Example.app */,
			);
			name = Products;
			sourceTree = "<group>";
		};
		A1ECEE501AB36559001155F1 /* Example */ = {
			isa = PBXGroup;
			children = (
				A1ECEE531AB36559001155F1 /* AppDelegate.swift */,
				656E1B441AD2B01000129427 /* MenuViewController.swift */,
				A1ECEE551AB36559001155F1 /* ViewController.swift */,
				656E1B461AD2B13E00129427 /* ShelfViewController.swift */,
				A1ECEE571AB36559001155F1 /* Main.storyboard */,
				A1ECEE5A1AB36559001155F1 /* Images.xcassets */,
				A1ECEE5C1AB36559001155F1 /* LaunchScreen.xib */,
				A1ECEE511AB36559001155F1 /* Supporting Files */,
			);
			path = Example;
			sourceTree = "<group>";
		};
		A1ECEE511AB36559001155F1 /* Supporting Files */ = {
			isa = PBXGroup;
			children = (
				A1ECEE521AB36559001155F1 /* Info.plist */,
			);
			name = "Supporting Files";
			sourceTree = "<group>";
		};
/* End PBXGroup section */

/* Begin PBXNativeTarget section */
		A1ECEE4D1AB36559001155F1 /* Example */ = {
			isa = PBXNativeTarget;
			buildConfigurationList = A1ECEE6D1AB36559001155F1 /* Build configuration list for PBXNativeTarget "Example" */;
			buildPhases = (
				A1ECEE4A1AB36559001155F1 /* Sources */,
				A1ECEE4B1AB36559001155F1 /* Frameworks */,
				A1ECEE4C1AB36559001155F1 /* Resources */,
			);
			buildRules = (
			);
			dependencies = (
			);
			name = Example;
			productName = Example;
			productReference = A1ECEE4E1AB36559001155F1 /* Example.app */;
			productType = "com.apple.product-type.application";
		};
/* End PBXNativeTarget section */

/* Begin PBXProject section */
		A1ECEE461AB36559001155F1 /* Project object */ = {
			isa = PBXProject;
			attributes = {
				LastUpgradeCheck = 0620;
				ORGANIZATIONNAME = "Hirohisa Kawasaki";
				TargetAttributes = {
					A1ECEE4D1AB36559001155F1 = {
						CreatedOnToolsVersion = 6.2;
					};
				};
			};
			buildConfigurationList = A1ECEE491AB36559001155F1 /* Build configuration list for PBXProject "Example" */;
			compatibilityVersion = "Xcode 3.2";
			developmentRegion = English;
			hasScannedForEncodings = 0;
			knownRegions = (
				en,
				Base,
			);
			mainGroup = A1ECEE451AB36559001155F1;
			productRefGroup = A1ECEE4F1AB36559001155F1 /* Products */;
			projectDirPath = "";
			projectRoot = "";
			targets = (
				A1ECEE4D1AB36559001155F1 /* Example */,
			);
		};
/* End PBXProject section */

/* Begin PBXResourcesBuildPhase section */
		A1ECEE4C1AB36559001155F1 /* Resources */ = {
			isa = PBXResourcesBuildPhase;
			buildActionMask = 2147483647;
			files = (
				A1ECEE591AB36559001155F1 /* Main.storyboard in Resources */,
				A1ECEE5E1AB36559001155F1 /* LaunchScreen.xib in Resources */,
				A1ECEE5B1AB36559001155F1 /* Images.xcassets in Resources */,
			);
			runOnlyForDeploymentPostprocessing = 0;
		};
/* End PBXResourcesBuildPhase section */

/* Begin PBXSourcesBuildPhase section */
		A1ECEE4A1AB36559001155F1 /* Sources */ = {
			isa = PBXSourcesBuildPhase;
			buildActionMask = 2147483647;
			files = (
				A1ECEE561AB36559001155F1 /* ViewController.swift in Sources */,
				656E1B471AD2B13E00129427 /* ShelfViewController.swift in Sources */,
				656E1B451AD2B01000129427 /* MenuViewController.swift in Sources */,
				A1ECEE541AB36559001155F1 /* AppDelegate.swift in Sources */,
			);
			runOnlyForDeploymentPostprocessing = 0;
		};
/* End PBXSourcesBuildPhase section */

/* Begin PBXVariantGroup section */
		A1ECEE571AB36559001155F1 /* Main.storyboard */ = {
			isa = PBXVariantGroup;
			children = (
				A1ECEE581AB36559001155F1 /* Base */,
			);
			name = Main.storyboard;
			sourceTree = "<group>";
		};
		A1ECEE5C1AB36559001155F1 /* LaunchScreen.xib */ = {
			isa = PBXVariantGroup;
			children = (
				A1ECEE5D1AB36559001155F1 /* Base */,
			);
			name = LaunchScreen.xib;
			sourceTree = "<group>";
		};
/* End PBXVariantGroup section */

/* Begin XCBuildConfiguration section */
		A1ECEE6B1AB36559001155F1 /* Debug */ = {
			isa = XCBuildConfiguration;
			buildSettings = {
				ALWAYS_SEARCH_USER_PATHS = NO;
				CLANG_CXX_LANGUAGE_STANDARD = "gnu++0x";
				CLANG_CXX_LIBRARY = "libc++";
				CLANG_ENABLE_MODULES = YES;
				CLANG_ENABLE_OBJC_ARC = YES;
				CLANG_WARN_BOOL_CONVERSION = YES;
				CLANG_WARN_CONSTANT_CONVERSION = YES;
				CLANG_WARN_DIRECT_OBJC_ISA_USAGE = YES_ERROR;
				CLANG_WARN_EMPTY_BODY = YES;
				CLANG_WARN_ENUM_CONVERSION = YES;
				CLANG_WARN_INT_CONVERSION = YES;
				CLANG_WARN_OBJC_ROOT_CLASS = YES_ERROR;
				CLANG_WARN_UNREACHABLE_CODE = YES;
				CLANG_WARN__DUPLICATE_METHOD_MATCH = YES;
				"CODE_SIGN_IDENTITY[sdk=iphoneos*]" = "iPhone Developer";
				COPY_PHASE_STRIP = NO;
				ENABLE_STRICT_OBJC_MSGSEND = YES;
				GCC_C_LANGUAGE_STANDARD = gnu99;
				GCC_DYNAMIC_NO_PIC = NO;
				GCC_OPTIMIZATION_LEVEL = 0;
				GCC_PREPROCESSOR_DEFINITIONS = (
					"DEBUG=1",
					"$(inherited)",
				);
				GCC_SYMBOLS_PRIVATE_EXTERN = NO;
				GCC_WARN_64_TO_32_BIT_CONVERSION = YES;
				GCC_WARN_ABOUT_RETURN_TYPE = YES_ERROR;
				GCC_WARN_UNDECLARED_SELECTOR = YES;
				GCC_WARN_UNINITIALIZED_AUTOS = YES_AGGRESSIVE;
				GCC_WARN_UNUSED_FUNCTION = YES;
				GCC_WARN_UNUSED_VARIABLE = YES;
				IPHONEOS_DEPLOYMENT_TARGET = 8.2;
				MTL_ENABLE_DEBUG_INFO = YES;
				ONLY_ACTIVE_ARCH = YES;
				SDKROOT = iphoneos;
				SWIFT_OPTIMIZATION_LEVEL = "-Onone";
				TARGETED_DEVICE_FAMILY = "1,2";
			};
			name = Debug;
		};
		A1ECEE6C1AB36559001155F1 /* Release */ = {
			isa = XCBuildConfiguration;
			buildSettings = {
				ALWAYS_SEARCH_USER_PATHS = NO;
				CLANG_CXX_LANGUAGE_STANDARD = "gnu++0x";
				CLANG_CXX_LIBRARY = "libc++";
				CLANG_ENABLE_MODULES = YES;
				CLANG_ENABLE_OBJC_ARC = YES;
				CLANG_WARN_BOOL_CONVERSION = YES;
				CLANG_WARN_CONSTANT_CONVERSION = YES;
				CLANG_WARN_DIRECT_OBJC_ISA_USAGE = YES_ERROR;
				CLANG_WARN_EMPTY_BODY = YES;
				CLANG_WARN_ENUM_CONVERSION = YES;
				CLANG_WARN_INT_CONVERSION = YES;
				CLANG_WARN_OBJC_ROOT_CLASS = YES_ERROR;
				CLANG_WARN_UNREACHABLE_CODE = YES;
				CLANG_WARN__DUPLICATE_METHOD_MATCH = YES;
				"CODE_SIGN_IDENTITY[sdk=iphoneos*]" = "iPhone Developer";
				COPY_PHASE_STRIP = NO;
				ENABLE_NS_ASSERTIONS = NO;
				ENABLE_STRICT_OBJC_MSGSEND = YES;
				GCC_C_LANGUAGE_STANDARD = gnu99;
				GCC_WARN_64_TO_32_BIT_CONVERSION = YES;
				GCC_WARN_ABOUT_RETURN_TYPE = YES_ERROR;
				GCC_WARN_UNDECLARED_SELECTOR = YES;
				GCC_WARN_UNINITIALIZED_AUTOS = YES_AGGRESSIVE;
				GCC_WARN_UNUSED_FUNCTION = YES;
				GCC_WARN_UNUSED_VARIABLE = YES;
				IPHONEOS_DEPLOYMENT_TARGET = 8.2;
				MTL_ENABLE_DEBUG_INFO = NO;
				SDKROOT = iphoneos;
				TARGETED_DEVICE_FAMILY = "1,2";
				VALIDATE_PRODUCT = YES;
			};
			name = Release;
		};
		A1ECEE6E1AB36559001155F1 /* Debug */ = {
			isa = XCBuildConfiguration;
			buildSettings = {
				ASSETCATALOG_COMPILER_APPICON_NAME = AppIcon;
				FRAMEWORK_SEARCH_PATHS = (
					"$(inherited)",
					"$(PROJECT_DIR)/build/Debug-iphoneos",
				);
				INFOPLIST_FILE = Example/Info.plist;
				LD_RUNPATH_SEARCH_PATHS = "$(inherited) @executable_path/Frameworks";
				PRODUCT_NAME = "$(TARGET_NAME)";
			};
			name = Debug;
		};
		A1ECEE6F1AB36559001155F1 /* Release */ = {
			isa = XCBuildConfiguration;
			buildSettings = {
				ASSETCATALOG_COMPILER_APPICON_NAME = AppIcon;
				FRAMEWORK_SEARCH_PATHS = (
					"$(inherited)",
					"$(PROJECT_DIR)/build/Debug-iphoneos",
				);
				INFOPLIST_FILE = Example/Info.plist;
				LD_RUNPATH_SEARCH_PATHS = "$(inherited) @executable_path/Frameworks";
				PRODUCT_NAME = "$(TARGET_NAME)";
			};
			name = Release;
		};
/* End XCBuildConfiguration section */

/* Begin XCConfigurationList section */
		A1ECEE491AB36559001155F1 /* Build configuration list for PBXProject "Example" */ = {
			isa = XCConfigurationList;
			buildConfigurations = (
				A1ECEE6B1AB36559001155F1 /* Debug */,
				A1ECEE6C1AB36559001155F1 /* Release */,
			);
			defaultConfigurationIsVisible = 0;
			defaultConfigurationName = Release;
		};
		A1ECEE6D1AB36559001155F1 /* Build configuration list for PBXNativeTarget "Example" */ = {
			isa = XCConfigurationList;
			buildConfigurations = (
				A1ECEE6E1AB36559001155F1 /* Debug */,
				A1ECEE6F1AB36559001155F1 /* Release */,
			);
			defaultConfigurationIsVisible = 0;
			defaultConfigurationName = Release;
		};
/* End XCConfigurationList section */
	};
	rootObject = A1ECEE461AB36559001155F1 /* Project object */;
}
